
Microsoft Visual Studio Solution File, Format Version 12.00
# Visual Studio 15
VisualStudioVersion = 15.0.26403.7
MinimumVisualStudioVersion = 10.0.40219.1
Project("{FAE04EC0-301F-11D3-BF4B-00C04F79EFBC}") = "Elevation.Api", "ElevationApi\Elevation.Api.csproj", "{35047F20-99E1-45CA-AE2E-FE5E3CC29C01}"
EndProject
Project("{FAE04EC0-301F-11D3-BF4B-00C04F79EFBC}") = "Elevation.Data", "Elevation.Data\Elevation.Data.csproj", "{BAD38410-7126-410A-BF03-3EABF8CA2289}"
EndProject
Project("{FAE04EC0-301F-11D3-BF4B-00C04F79EFBC}") = "Elevation.Domain", "Elevation.Domain\Elevation.Domain.csproj", "{AB7D999B-33FF-4826-8EDE-B4EE432CA815}"
EndProject
Project("{FAE04EC0-301F-11D3-BF4B-00C04F79EFBC}") = "Geolocation", "Geolocation\Geolocation.csproj", "{8A3801BC-3C52-40C7-88A1-FFC8B15E1B45}"
EndProject
Global
	GlobalSection(SolutionConfigurationPlatforms) = preSolution
		Debug|Any CPU = Debug|Any CPU
		Release|Any CPU = Release|Any CPU
	EndGlobalSection
	GlobalSection(ProjectConfigurationPlatforms) = postSolution
		{35047F20-99E1-45CA-AE2E-FE5E3CC29C01}.Debug|Any CPU.ActiveCfg = Debug|Any CPU
		{35047F20-99E1-45CA-AE2E-FE5E3CC29C01}.Debug|Any CPU.Build.0 = Debug|Any CPU
		{35047F20-99E1-45CA-AE2E-FE5E3CC29C01}.Release|Any CPU.ActiveCfg = Release|Any CPU
		{35047F20-99E1-45CA-AE2E-FE5E3CC29C01}.Release|Any CPU.Build.0 = Release|Any CPU
		{BAD38410-7126-410A-BF03-3EABF8CA2289}.Debug|Any CPU.ActiveCfg = Debug|Any CPU
		{BAD38410-7126-410A-BF03-3EABF8CA2289}.Debug|Any CPU.Build.0 = Debug|Any CPU
		{BAD38410-7126-410A-BF03-3EABF8CA2289}.Release|Any CPU.ActiveCfg = Release|Any CPU
		{BAD38410-7126-410A-BF03-3EABF8CA2289}.Release|Any CPU.Build.0 = Release|Any CPU
		{AB7D999B-33FF-4826-8EDE-B4EE432CA815}.Debug|Any CPU.ActiveCfg = Debug|Any CPU
		{AB7D999B-33FF-4826-8EDE-B4EE432CA815}.Debug|Any CPU.Build.0 = Debug|Any CPU
		{AB7D999B-33FF-4826-8EDE-B4EE432CA815}.Release|Any CPU.ActiveCfg = Release|Any CPU
		{AB7D999B-33FF-4826-8EDE-B4EE432CA815}.Release|Any CPU.Build.0 = Release|Any CPU
		{8A3801BC-3C52-40C7-88A1-FFC8B15E1B45}.Debug|Any CPU.ActiveCfg = Debug|Any CPU
		{8A3801BC-3C52-40C7-88A1-FFC8B15E1B45}.Debug|Any CPU.Build.0 = Debug|Any CPU
		{8A3801BC-3C52-40C7-88A1-FFC8B15E1B45}.Release|Any CPU.ActiveCfg = Release|Any CPU
		{8A3801BC-3C52-40C7-88A1-FFC8B15E1B45}.Release|Any CPU.Build.0 = Release|Any CPU
	EndGlobalSection
	GlobalSection(SolutionProperties) = preSolution
		HideSolutionNode = FALSE
	EndGlobalSection
EndGlobal
